
Microsoft Visual Studio Solution File, Format Version 12.00
# Visual Studio Version 16
VisualStudioVersion = 16.0.31105.61
MinimumVisualStudioVersion = 10.0.40219.1
Project("{FAE04EC0-301F-11D3-BF4B-00C04F79EFBC}") = "XORCaesar", "XORCaesar\XORCaesar.csproj", "{8C394C8D-C5C8-44F0-84CC-A7124E8FCF63}"
EndProject
Global
	GlobalSection(SolutionConfigurationPlatforms) = preSolution
		Debug|Any CPU = Debug|Any CPU
		Release|Any CPU = Release|Any CPU
	EndGlobalSection
	GlobalSection(ProjectConfigurationPlatforms) = postSolution
		{8C394C8D-C5C8-44F0-84CC-A7124E8FCF63}.Debug|Any CPU.ActiveCfg = Debug|Any CPU
		{8C394C8D-C5C8-44F0-84CC-A7124E8FCF63}.Debug|Any CPU.Build.0 = Debug|Any CPU
		{8C394C8D-C5C8-44F0-84CC-A7124E8FCF63}.Release|Any CPU.ActiveCfg = Release|Any CPU
		{8C394C8D-C5C8-44F0-84CC-A7124E8FCF63}.Release|Any CPU.Build.0 = Release|Any CPU
	EndGlobalSection
	GlobalSection(SolutionProperties) = preSolution
		HideSolutionNode = FALSE
	EndGlobalSection
	GlobalSection(ExtensibilityGlobals) = postSolution
		SolutionGuid = {105C22A5-260E-457E-9B62-E9BBE5720AD7}
	EndGlobalSection
EndGlobal
